
Microsoft Visual Studio Solution File, Format Version 12.00
# Visual Studio 15
VisualStudioVersion = 15.0.28307.902
MinimumVisualStudioVersion = 10.0.40219.1
Project("{FAE04EC0-301F-11D3-BF4B-00C04F79EFBC}") = "SumSeconds", "SumSeconds\SumSeconds.csproj", "{C5AFD8B4-E589-4CD9-A8E9-FB8857478035}"
EndProject
Project("{FAE04EC0-301F-11D3-BF4B-00C04F79EFBC}") = "BonusPoints", "BonusPoints\BonusPoints.csproj", "{28A9E24F-14F8-4999-95FE-64C2B987CADE}"
EndProject
Project("{FAE04EC0-301F-11D3-BF4B-00C04F79EFBC}") = "SpeedInfo", "SpeedInfo\SpeedInfo.csproj", "{8695C873-A4FC-4A5D-877C-23F577107B29}"
EndProject
Project("{FAE04EC0-301F-11D3-BF4B-00C04F79EFBC}") = "MetricConverter", "MetricConverter\MetricConverter.csproj", "{39E12098-011E-4BF5-8871-8BA1FBBD1EEA}"
EndProject
Project("{FAE04EC0-301F-11D3-BF4B-00C04F79EFBC}") = "Time15", "Time15\Time15.csproj", "{1F249D7E-F9DF-4417-AE2A-381D11FA4E8C}"
EndProject
Project("{FAE04EC0-301F-11D3-BF4B-00C04F79EFBC}") = "GodzhillaVsKong", "GodzhillaVsKong\GodzhillaVsKong.csproj", "{2FD0AA7A-55DA-45A7-B5B6-E1799C1DE651}"
EndProject
Project("{FAE04EC0-301F-11D3-BF4B-00C04F79EFBC}") = "WorldSwimmingRecord", "WorldSwimmingRecord\WorldSwimmingRecord.csproj", "{CFF8B256-7EB4-470B-B730-2A8BACD999DA}"
EndProject
Project("{FAE04EC0-301F-11D3-BF4B-00C04F79EFBC}") = "SwimmingRecord2", "SwimmingRecord2\SwimmingRecord2.csproj", "{809CF86B-263A-44D3-B1EB-0088E25137CD}"
EndProject
Project("{FAE04EC0-301F-11D3-BF4B-00C04F79EFBC}") = "Scholarship", "Scholarship\Scholarship.csproj", "{E3F31BF3-7431-4463-8120-316C091FFD95}"
EndProject
Global
	GlobalSection(SolutionConfigurationPlatforms) = preSolution
		Debug|Any CPU = Debug|Any CPU
		Release|Any CPU = Release|Any CPU
	EndGlobalSection
	GlobalSection(ProjectConfigurationPlatforms) = postSolution
		{C5AFD8B4-E589-4CD9-A8E9-FB8857478035}.Debug|Any CPU.ActiveCfg = Debug|Any CPU
		{C5AFD8B4-E589-4CD9-A8E9-FB8857478035}.Debug|Any CPU.Build.0 = Debug|Any CPU
		{C5AFD8B4-E589-4CD9-A8E9-FB8857478035}.Release|Any CPU.ActiveCfg = Release|Any CPU
		{C5AFD8B4-E589-4CD9-A8E9-FB8857478035}.Release|Any CPU.Build.0 = Release|Any CPU
		{28A9E24F-14F8-4999-95FE-64C2B987CADE}.Debug|Any CPU.ActiveCfg = Debug|Any CPU
		{28A9E24F-14F8-4999-95FE-64C2B987CADE}.Debug|Any CPU.Build.0 = Debug|Any CPU
		{28A9E24F-14F8-4999-95FE-64C2B987CADE}.Release|Any CPU.ActiveCfg = Release|Any CPU
		{28A9E24F-14F8-4999-95FE-64C2B987CADE}.Release|Any CPU.Build.0 = Release|Any CPU
		{8695C873-A4FC-4A5D-877C-23F577107B29}.Debug|Any CPU.ActiveCfg = Debug|Any CPU
		{8695C873-A4FC-4A5D-877C-23F577107B29}.Debug|Any CPU.Build.0 = Debug|Any CPU
		{8695C873-A4FC-4A5D-877C-23F577107B29}.Release|Any CPU.ActiveCfg = Release|Any CPU
		{8695C873-A4FC-4A5D-877C-23F577107B29}.Release|Any CPU.Build.0 = Release|Any CPU
		{39E12098-011E-4BF5-8871-8BA1FBBD1EEA}.Debug|Any CPU.ActiveCfg = Debug|Any CPU
		{39E12098-011E-4BF5-8871-8BA1FBBD1EEA}.Debug|Any CPU.Build.0 = Debug|Any CPU
		{39E12098-011E-4BF5-8871-8BA1FBBD1EEA}.Release|Any CPU.ActiveCfg = Release|Any CPU
		{39E12098-011E-4BF5-8871-8BA1FBBD1EEA}.Release|Any CPU.Build.0 = Release|Any CPU
		{1F249D7E-F9DF-4417-AE2A-381D11FA4E8C}.Debug|Any CPU.ActiveCfg = Debug|Any CPU
		{1F249D7E-F9DF-4417-AE2A-381D11FA4E8C}.Debug|Any CPU.Build.0 = Debug|Any CPU
		{1F249D7E-F9DF-4417-AE2A-381D11FA4E8C}.Release|Any CPU.ActiveCfg = Release|Any CPU
		{1F249D7E-F9DF-4417-AE2A-381D11FA4E8C}.Release|Any CPU.Build.0 = Release|Any CPU
		{2FD0AA7A-55DA-45A7-B5B6-E1799C1DE651}.Debug|Any CPU.ActiveCfg = Debug|Any CPU
		{2FD0AA7A-55DA-45A7-B5B6-E1799C1DE651}.Debug|Any CPU.Build.0 = Debug|Any CPU
		{2FD0AA7A-55DA-45A7-B5B6-E1799C1DE651}.Release|Any CPU.ActiveCfg = Release|Any CPU
		{2FD0AA7A-55DA-45A7-B5B6-E1799C1DE651}.Release|Any CPU.Build.0 = Release|Any CPU
		{CFF8B256-7EB4-470B-B730-2A8BACD999DA}.Debug|Any CPU.ActiveCfg = Debug|Any CPU
		{CFF8B256-7EB4-470B-B730-2A8BACD999DA}.Debug|Any CPU.Build.0 = Debug|Any CPU
		{CFF8B256-7EB4-470B-B730-2A8BACD999DA}.Release|Any CPU.ActiveCfg = Release|Any CPU
		{CFF8B256-7EB4-470B-B730-2A8BACD999DA}.Release|Any CPU.Build.0 = Release|Any CPU
		{809CF86B-263A-44D3-B1EB-0088E25137CD}.Debug|Any CPU.ActiveCfg = Debug|Any CPU
		{809CF86B-263A-44D3-B1EB-0088E25137CD}.Debug|Any CPU.Build.0 = Debug|Any CPU
		{809CF86B-263A-44D3-B1EB-0088E25137CD}.Release|Any CPU.ActiveCfg = Release|Any CPU
		{809CF86B-263A-44D3-B1EB-0088E25137CD}.Release|Any CPU.Build.0 = Release|Any CPU
		{E3F31BF3-7431-4463-8120-316C091FFD95}.Debug|Any CPU.ActiveCfg = Debug|Any CPU
		{E3F31BF3-7431-4463-8120-316C091FFD95}.Debug|Any CPU.Build.0 = Debug|Any CPU
		{E3F31BF3-7431-4463-8120-316C091FFD95}.Release|Any CPU.ActiveCfg = Release|Any CPU
		{E3F31BF3-7431-4463-8120-316C091FFD95}.Release|Any CPU.Build.0 = Release|Any CPU
	EndGlobalSection
	GlobalSection(SolutionProperties) = preSolution
		HideSolutionNode = FALSE
	EndGlobalSection
	GlobalSection(ExtensibilityGlobals) = postSolution
		SolutionGuid = {766A3D93-C41C-4A80-A77D-FD5C55A8517F}
	EndGlobalSection
EndGlobal
